
Microsoft Visual Studio Solution File, Format Version 12.00
# Visual Studio Version 16
VisualStudioVersion = 16.0.28803.352
MinimumVisualStudioVersion = 10.0.40219.1
Project("{FAE04EC0-301F-11D3-BF4B-00C04F79EFBC}") = "Demoproject", "Demoproject\Demoproject.csproj", "{28EE662B-2D1E-4879-9E3F-A30477EF4B1C}"
EndProject
Project("{9A19103F-16F7-4668-BE54-9A1E7A4F7556}") = "Automation.Tests", "..\..\..\Desktop\selenium doc C#\Automation_Nunit\Automation_Nunit\Automation.Tests\Automation.Tests.csproj", "{CD5B3988-B288-439D-887D-AE244E102613}"
EndProject
Global
	GlobalSection(SolutionConfigurationPlatforms) = preSolution
		Debug|Any CPU = Debug|Any CPU
		Release|Any CPU = Release|Any CPU
	EndGlobalSection
	GlobalSection(ProjectConfigurationPlatforms) = postSolution
		{28EE662B-2D1E-4879-9E3F-A30477EF4B1C}.Debug|Any CPU.ActiveCfg = Debug|Any CPU
		{28EE662B-2D1E-4879-9E3F-A30477EF4B1C}.Debug|Any CPU.Build.0 = Debug|Any CPU
		{28EE662B-2D1E-4879-9E3F-A30477EF4B1C}.Release|Any CPU.ActiveCfg = Release|Any CPU
		{28EE662B-2D1E-4879-9E3F-A30477EF4B1C}.Release|Any CPU.Build.0 = Release|Any CPU
		{CD5B3988-B288-439D-887D-AE244E102613}.Debug|Any CPU.ActiveCfg = Debug|Any CPU
		{CD5B3988-B288-439D-887D-AE244E102613}.Debug|Any CPU.Build.0 = Debug|Any CPU
		{CD5B3988-B288-439D-887D-AE244E102613}.Release|Any CPU.ActiveCfg = Release|Any CPU
		{CD5B3988-B288-439D-887D-AE244E102613}.Release|Any CPU.Build.0 = Release|Any CPU
	EndGlobalSection
	GlobalSection(SolutionProperties) = preSolution
		HideSolutionNode = FALSE
	EndGlobalSection
	GlobalSection(ExtensibilityGlobals) = postSolution
		SolutionGuid = {9D53780F-A675-43CA-9F27-6954BCD7627F}
	EndGlobalSection
EndGlobal
